
Microsoft Visual Studio Solution File, Format Version 12.00
# Visual Studio Version 17
VisualStudioVersion = 17.4.33103.184
MinimumVisualStudioVersion = 10.0.40219.1
Project("{FAE04EC0-301F-11D3-BF4B-00C04F79EFBC}") = "Flashcards", "Flashcards\Flashcards.csproj", "{EC9D7289-B911-4231-BF9A-B607A0694C76}"
EndProject
Global
	GlobalSection(SolutionConfigurationPlatforms) = preSolution
		Debug|Any CPU = Debug|Any CPU
		Release|Any CPU = Release|Any CPU
	EndGlobalSection
	GlobalSection(ProjectConfigurationPlatforms) = postSolution
		{EC9D7289-B911-4231-BF9A-B607A0694C76}.Debug|Any CPU.ActiveCfg = Debug|Any CPU
		{EC9D7289-B911-4231-BF9A-B607A0694C76}.Debug|Any CPU.Build.0 = Debug|Any CPU
		{EC9D7289-B911-4231-BF9A-B607A0694C76}.Release|Any CPU.ActiveCfg = Release|Any CPU
		{EC9D7289-B911-4231-BF9A-B607A0694C76}.Release|Any CPU.Build.0 = Release|Any CPU
	EndGlobalSection
	GlobalSection(SolutionProperties) = preSolution
		HideSolutionNode = FALSE
	EndGlobalSection
	GlobalSection(ExtensibilityGlobals) = postSolution
		SolutionGuid = {C07472B1-0830-4404-8A11-3E020D29CDA6}
	EndGlobalSection
EndGlobal
